
Microsoft Visual Studio Solution File, Format Version 12.00
# Visual Studio Version 17
VisualStudioVersion = 17.8.34330.188
MinimumVisualStudioVersion = 10.0.40219.1
Project("{FAE04EC0-301F-11D3-BF4B-00C04F79EFBC}") = "webapi", "webapi\webapi.csproj", "{C1F83BFF-5C92-4398-8F78-27F7C5D6D1F9}"
EndProject
Global
	GlobalSection(SolutionConfigurationPlatforms) = preSolution
		Debug|Any CPU = Debug|Any CPU
		Release|Any CPU = Release|Any CPU
	EndGlobalSection
	GlobalSection(ProjectConfigurationPlatforms) = postSolution
		{C1F83BFF-5C92-4398-8F78-27F7C5D6D1F9}.Debug|Any CPU.ActiveCfg = Debug|Any CPU
		{C1F83BFF-5C92-4398-8F78-27F7C5D6D1F9}.Debug|Any CPU.Build.0 = Debug|Any CPU
		{C1F83BFF-5C92-4398-8F78-27F7C5D6D1F9}.Release|Any CPU.ActiveCfg = Release|Any CPU
		{C1F83BFF-5C92-4398-8F78-27F7C5D6D1F9}.Release|Any CPU.Build.0 = Release|Any CPU
	EndGlobalSection
	GlobalSection(SolutionProperties) = preSolution
		HideSolutionNode = FALSE
	EndGlobalSection
	GlobalSection(ExtensibilityGlobals) = postSolution
		SolutionGuid = {0A99E4C5-D0C2-4F90-BB29-7F63DEDAA893}
	EndGlobalSection
EndGlobal
